
Microsoft Visual Studio Solution File, Format Version 11.00
# Visual Studio 2010
Project("{FAE04EC0-301F-11D3-BF4B-00C04F79EFBC}") = "PhotonUnityNetworking.Utilities", "PhotonUnityNetworking.Utilities.csproj", "{f3f0d2ff-2258-b6d7-fddc-6dbd052a1e96}"
EndProject
Project("{FAE04EC0-301F-11D3-BF4B-00C04F79EFBC}") = "Assembly-CSharp", "Assembly-CSharp.csproj", "{50cd6a40-6d6d-79eb-d2b5-ed14e78e0bc7}"
EndProject
Project("{FAE04EC0-301F-11D3-BF4B-00C04F79EFBC}") = "PhotonUnityNetworking.Demos", "PhotonUnityNetworking.Demos.csproj", "{643a07bd-242c-1ccc-ffb8-13a978fb9999}"
EndProject
Project("{FAE04EC0-301F-11D3-BF4B-00C04F79EFBC}") = "PhotonUnityNetworking", "PhotonUnityNetworking.csproj", "{74d81920-2200-35e0-786c-ffb203496e0a}"
EndProject
Project("{FAE04EC0-301F-11D3-BF4B-00C04F79EFBC}") = "PhotonChat", "PhotonChat.csproj", "{99217ebc-2a7d-d6d6-45af-4e0079c4f700}"
EndProject
Project("{FAE04EC0-301F-11D3-BF4B-00C04F79EFBC}") = "PhotonWebSocket", "PhotonWebSocket.csproj", "{32c124dc-6e35-cef2-a958-556be5d45551}"
EndProject
Project("{FAE04EC0-301F-11D3-BF4B-00C04F79EFBC}") = "PhotonRealtime", "PhotonRealtime.csproj", "{17135dd4-e40c-80aa-cd3e-4997af5ab712}"
EndProject
Project("{FAE04EC0-301F-11D3-BF4B-00C04F79EFBC}") = "PhotonUnityNetworking.Editor", "PhotonUnityNetworking.Editor.csproj", "{312153fb-e4ad-e843-4541-b7d187c160aa}"
EndProject
Project("{FAE04EC0-301F-11D3-BF4B-00C04F79EFBC}") = "PhotonUnityNetworking.Utilities.PhotonPlayer.Editor", "PhotonUnityNetworking.Utilities.PhotonPlayer.Editor.csproj", "{518fc5d9-4244-9a6e-2574-6a0703a57c7f}"
EndProject
Project("{FAE04EC0-301F-11D3-BF4B-00C04F79EFBC}") = "Assembly-CSharp-Editor", "Assembly-CSharp-Editor.csproj", "{0b48af58-283f-64e1-f588-997e51a193e6}"
EndProject
Project("{FAE04EC0-301F-11D3-BF4B-00C04F79EFBC}") = "PunDemos.DemoSlotcarEditor", "PunDemos.DemoSlotcarEditor.csproj", "{a7258a0c-57e6-a113-bf57-abddf53d10e4}"
EndProject
Project("{FAE04EC0-301F-11D3-BF4B-00C04F79EFBC}") = "PhotonUnityNetworking.Utilities.Culling.Editor", "PhotonUnityNetworking.Utilities.Culling.Editor.csproj", "{22f0678b-c8f7-1f26-5142-73fe190e8ced}"
EndProject
Project("{FAE04EC0-301F-11D3-BF4B-00C04F79EFBC}") = "PunDemos.DemoHubEditor", "PunDemos.DemoHubEditor.csproj", "{d9df6f2a-c7b9-6a7d-7566-0310bf172195}"
EndProject
Global
	GlobalSection(SolutionConfigurationPlatforms) = preSolution
		Debug|Any CPU = Debug|Any CPU
	EndGlobalSection
	GlobalSection(ProjectConfigurationPlatforms) = postSolution
		{f3f0d2ff-2258-b6d7-fddc-6dbd052a1e96}.Debug|Any CPU.ActiveCfg = Debug|Any CPU
		{f3f0d2ff-2258-b6d7-fddc-6dbd052a1e96}.Debug|Any CPU.Build.0 = Debug|Any CPU
		{50cd6a40-6d6d-79eb-d2b5-ed14e78e0bc7}.Debug|Any CPU.ActiveCfg = Debug|Any CPU
		{50cd6a40-6d6d-79eb-d2b5-ed14e78e0bc7}.Debug|Any CPU.Build.0 = Debug|Any CPU
		{643a07bd-242c-1ccc-ffb8-13a978fb9999}.Debug|Any CPU.ActiveCfg = Debug|Any CPU
		{643a07bd-242c-1ccc-ffb8-13a978fb9999}.Debug|Any CPU.Build.0 = Debug|Any CPU
		{74d81920-2200-35e0-786c-ffb203496e0a}.Debug|Any CPU.ActiveCfg = Debug|Any CPU
		{74d81920-2200-35e0-786c-ffb203496e0a}.Debug|Any CPU.Build.0 = Debug|Any CPU
		{99217ebc-2a7d-d6d6-45af-4e0079c4f700}.Debug|Any CPU.ActiveCfg = Debug|Any CPU
		{99217ebc-2a7d-d6d6-45af-4e0079c4f700}.Debug|Any CPU.Build.0 = Debug|Any CPU
		{32c124dc-6e35-cef2-a958-556be5d45551}.Debug|Any CPU.ActiveCfg = Debug|Any CPU
		{32c124dc-6e35-cef2-a958-556be5d45551}.Debug|Any CPU.Build.0 = Debug|Any CPU
		{17135dd4-e40c-80aa-cd3e-4997af5ab712}.Debug|Any CPU.ActiveCfg = Debug|Any CPU
		{17135dd4-e40c-80aa-cd3e-4997af5ab712}.Debug|Any CPU.Build.0 = Debug|Any CPU
		{312153fb-e4ad-e843-4541-b7d187c160aa}.Debug|Any CPU.ActiveCfg = Debug|Any CPU
		{312153fb-e4ad-e843-4541-b7d187c160aa}.Debug|Any CPU.Build.0 = Debug|Any CPU
		{518fc5d9-4244-9a6e-2574-6a0703a57c7f}.Debug|Any CPU.ActiveCfg = Debug|Any CPU
		{518fc5d9-4244-9a6e-2574-6a0703a57c7f}.Debug|Any CPU.Build.0 = Debug|Any CPU
		{0b48af58-283f-64e1-f588-997e51a193e6}.Debug|Any CPU.ActiveCfg = Debug|Any CPU
		{0b48af58-283f-64e1-f588-997e51a193e6}.Debug|Any CPU.Build.0 = Debug|Any CPU
		{a7258a0c-57e6-a113-bf57-abddf53d10e4}.Debug|Any CPU.ActiveCfg = Debug|Any CPU
		{a7258a0c-57e6-a113-bf57-abddf53d10e4}.Debug|Any CPU.Build.0 = Debug|Any CPU
		{22f0678b-c8f7-1f26-5142-73fe190e8ced}.Debug|Any CPU.ActiveCfg = Debug|Any CPU
		{22f0678b-c8f7-1f26-5142-73fe190e8ced}.Debug|Any CPU.Build.0 = Debug|Any CPU
		{d9df6f2a-c7b9-6a7d-7566-0310bf172195}.Debug|Any CPU.ActiveCfg = Debug|Any CPU
		{d9df6f2a-c7b9-6a7d-7566-0310bf172195}.Debug|Any CPU.Build.0 = Debug|Any CPU
	EndGlobalSection
	GlobalSection(SolutionProperties) = preSolution
		HideSolutionNode = FALSE
	EndGlobalSection
EndGlobal
