
Microsoft Visual Studio Solution File, Format Version 11.00
# Visual Studio 2010
Project("{FAE04EC0-301F-11D3-BF4B-00C04F79EFBC}") = "PhotonUnityNetworking.Utilities", "PhotonUnityNetworking.Utilities.csproj", "{9356c89b-4b10-3163-cfb9-bf114782c954}"
EndProject
Project("{FAE04EC0-301F-11D3-BF4B-00C04F79EFBC}") = "Assembly-CSharp", "Assembly-CSharp.csproj", "{c99ceb97-9192-dace-ec33-136abb47d473}"
EndProject
Project("{FAE04EC0-301F-11D3-BF4B-00C04F79EFBC}") = "PhotonUnityNetworking.Demos", "PhotonUnityNetworking.Demos.csproj", "{f471f084-bda3-78d0-4043-de7cae94ddf0}"
EndProject
Project("{FAE04EC0-301F-11D3-BF4B-00C04F79EFBC}") = "PhotonUnityNetworking", "PhotonUnityNetworking.csproj", "{0a23e39e-9687-cda7-0123-990fb41bdbf3}"
EndProject
Project("{FAE04EC0-301F-11D3-BF4B-00C04F79EFBC}") = "PhotonChat", "PhotonChat.csproj", "{1c5a0c1d-627f-2600-73b6-917accb2678f}"
EndProject
Project("{FAE04EC0-301F-11D3-BF4B-00C04F79EFBC}") = "PhotonWebSocket", "PhotonWebSocket.csproj", "{bc6c1579-273b-0303-124a-b7d84cdb9728}"
EndProject
Project("{FAE04EC0-301F-11D3-BF4B-00C04F79EFBC}") = "PhotonRealtime", "PhotonRealtime.csproj", "{a5e75744-b903-66ce-5dcf-e1c5fcf4e1e4}"
EndProject
Project("{FAE04EC0-301F-11D3-BF4B-00C04F79EFBC}") = "PhotonUnityNetworking.Editor", "PhotonUnityNetworking.Editor.csproj", "{97373e57-bbba-be68-e92e-a9d555db2abe}"
EndProject
Project("{FAE04EC0-301F-11D3-BF4B-00C04F79EFBC}") = "PhotonUnityNetworking.Utilities.PhotonPlayer.Editor", "PhotonUnityNetworking.Utilities.PhotonPlayer.Editor.csproj", "{b964270c-9759-168d-4822-3b99916e1113}"
EndProject
Project("{FAE04EC0-301F-11D3-BF4B-00C04F79EFBC}") = "Assembly-CSharp-Editor", "Assembly-CSharp-Editor.csproj", "{8fb6430d-f485-99d9-f109-aa11e5b55734}"
EndProject
Project("{FAE04EC0-301F-11D3-BF4B-00C04F79EFBC}") = "PunDemos.DemoSlotcarEditor", "PunDemos.DemoSlotcarEditor.csproj", "{2a0b2e0d-351f-3dc4-6073-77684fd0974d}"
EndProject
Project("{FAE04EC0-301F-11D3-BF4B-00C04F79EFBC}") = "PhotonUnityNetworking.Utilities.Culling.Editor", "PhotonUnityNetworking.Utilities.Culling.Editor.csproj", "{9e8d5f3d-55e2-218d-968f-17bb485805dd}"
EndProject
Project("{FAE04EC0-301F-11D3-BF4B-00C04F79EFBC}") = "PunDemos.DemoHubEditor", "PunDemos.DemoHubEditor.csproj", "{be0c9dfc-eb94-33c9-7a55-25c9c97d4f9e}"
EndProject
Global
	GlobalSection(SolutionConfigurationPlatforms) = preSolution
		Debug|Any CPU = Debug|Any CPU
	EndGlobalSection
	GlobalSection(ProjectConfigurationPlatforms) = postSolution
		{9356c89b-4b10-3163-cfb9-bf114782c954}.Debug|Any CPU.ActiveCfg = Debug|Any CPU
		{9356c89b-4b10-3163-cfb9-bf114782c954}.Debug|Any CPU.Build.0 = Debug|Any CPU
		{c99ceb97-9192-dace-ec33-136abb47d473}.Debug|Any CPU.ActiveCfg = Debug|Any CPU
		{c99ceb97-9192-dace-ec33-136abb47d473}.Debug|Any CPU.Build.0 = Debug|Any CPU
		{f471f084-bda3-78d0-4043-de7cae94ddf0}.Debug|Any CPU.ActiveCfg = Debug|Any CPU
		{f471f084-bda3-78d0-4043-de7cae94ddf0}.Debug|Any CPU.Build.0 = Debug|Any CPU
		{0a23e39e-9687-cda7-0123-990fb41bdbf3}.Debug|Any CPU.ActiveCfg = Debug|Any CPU
		{0a23e39e-9687-cda7-0123-990fb41bdbf3}.Debug|Any CPU.Build.0 = Debug|Any CPU
		{1c5a0c1d-627f-2600-73b6-917accb2678f}.Debug|Any CPU.ActiveCfg = Debug|Any CPU
		{1c5a0c1d-627f-2600-73b6-917accb2678f}.Debug|Any CPU.Build.0 = Debug|Any CPU
		{bc6c1579-273b-0303-124a-b7d84cdb9728}.Debug|Any CPU.ActiveCfg = Debug|Any CPU
		{bc6c1579-273b-0303-124a-b7d84cdb9728}.Debug|Any CPU.Build.0 = Debug|Any CPU
		{a5e75744-b903-66ce-5dcf-e1c5fcf4e1e4}.Debug|Any CPU.ActiveCfg = Debug|Any CPU
		{a5e75744-b903-66ce-5dcf-e1c5fcf4e1e4}.Debug|Any CPU.Build.0 = Debug|Any CPU
		{97373e57-bbba-be68-e92e-a9d555db2abe}.Debug|Any CPU.ActiveCfg = Debug|Any CPU
		{97373e57-bbba-be68-e92e-a9d555db2abe}.Debug|Any CPU.Build.0 = Debug|Any CPU
		{b964270c-9759-168d-4822-3b99916e1113}.Debug|Any CPU.ActiveCfg = Debug|Any CPU
		{b964270c-9759-168d-4822-3b99916e1113}.Debug|Any CPU.Build.0 = Debug|Any CPU
		{8fb6430d-f485-99d9-f109-aa11e5b55734}.Debug|Any CPU.ActiveCfg = Debug|Any CPU
		{8fb6430d-f485-99d9-f109-aa11e5b55734}.Debug|Any CPU.Build.0 = Debug|Any CPU
		{2a0b2e0d-351f-3dc4-6073-77684fd0974d}.Debug|Any CPU.ActiveCfg = Debug|Any CPU
		{2a0b2e0d-351f-3dc4-6073-77684fd0974d}.Debug|Any CPU.Build.0 = Debug|Any CPU
		{9e8d5f3d-55e2-218d-968f-17bb485805dd}.Debug|Any CPU.ActiveCfg = Debug|Any CPU
		{9e8d5f3d-55e2-218d-968f-17bb485805dd}.Debug|Any CPU.Build.0 = Debug|Any CPU
		{be0c9dfc-eb94-33c9-7a55-25c9c97d4f9e}.Debug|Any CPU.ActiveCfg = Debug|Any CPU
		{be0c9dfc-eb94-33c9-7a55-25c9c97d4f9e}.Debug|Any CPU.Build.0 = Debug|Any CPU
	EndGlobalSection
	GlobalSection(SolutionProperties) = preSolution
		HideSolutionNode = FALSE
	EndGlobalSection
EndGlobal
